{
    "_readme": [
        "This file locks the dependencies of your project to a known state",
        "Read more about it at https://getcomposer.org/doc/01-basic-usage.md#composer-lock-the-lock-file",
        "This file is @generated automatically"
    ],
    "hash": "20cc19cb8aa976916ba4badf95d223e6",
    "packages": [
        {
            "name": "aura/cli",
            "version": "2.1.1",
            "source": {
                "type": "git",
                "url": "https://github.com/auraphp/Aura.Cli.git",
                "reference": "b550cd79beff793ec5feeea248ccd4ba537c8603"
            },
            "dist": {
                "type": "zip",
                "url": "https://api.github.com/repos/auraphp/Aura.Cli/zipball/b550cd79beff793ec5feeea248ccd4ba537c8603",
                "reference": "b550cd79beff793ec5feeea248ccd4ba537c8603",
                "shasum": ""
            },
            "require": {
                "php": ">=5.3.0"
            },
            "require-dev": {
                "aura/di": "~2.0"
            },
            "type": "library",
            "extra": {
                "aura": {
                    "type": "library",
                    "config": {
                        "common": "Aura\\Cli\\_Config\\Common"
                    }
                },
                "branch-alias": {
                    "dev-develop-2": "2.0.x-dev"
                }
            },
            "autoload": {
                "psr-4": {
                    "Aura\\Cli\\": "src/",
                    "Aura\\Cli\\_Config\\": "config/"
                }
            },
            "notification-url": "https://packagist.org/downloads/",
            "license": [
                "BSD-2-Clause"
            ],
            "authors": [
                {
                    "name": "Aura.Cli Contributors",
                    "homepage": "https://github.com/auraphp/Aura.Cli/contributors"
                }
            ],
            "description": "Provides the equivalent of request (Context) and response (Stdio) classes for a command line environment, including Getopt support.",
            "homepage": "https://github.com/auraphp/Aura.Cli",
            "keywords": [
                "cli",
                "command",
                "command line",
                "getopt",
                "options",
                "stdio"
            ],
            "time": "2015-03-27 17:23:08"
        }
    ],
    "packages-dev": [],
    "aliases": [],
    "minimum-stability": "stable",
    "stability-flags": [],
    "prefer-stable": false,
    "prefer-lowest": false,
    "platform": {
        "php": ">=5.4.0",
        "ext-gd": "*"
    },
    "platform-dev": []
}
